
Microsoft Visual Studio Solution File, Format Version 12.00
# Visual Studio Version 17
VisualStudioVersion = 17.12.35707.178 d17.12
MinimumVisualStudioVersion = 10.0.40219.1
Project("{FAE04EC0-301F-11D3-BF4B-00C04F79EFBC}") = "POE cybersecurity awareness", "POE cybersecurity awareness.csproj", "{D89BA890-0477-4D62-B1D0-CDC3E9B1D61F}"
EndProject
Global
	GlobalSection(SolutionConfigurationPlatforms) = preSolution
		Debug|Any CPU = Debug|Any CPU
		Release|Any CPU = Release|Any CPU
	EndGlobalSection
	GlobalSection(ProjectConfigurationPlatforms) = postSolution
		{D89BA890-0477-4D62-B1D0-CDC3E9B1D61F}.Debug|Any CPU.ActiveCfg = Debug|Any CPU
		{D89BA890-0477-4D62-B1D0-CDC3E9B1D61F}.Debug|Any CPU.Build.0 = Debug|Any CPU
		{D89BA890-0477-4D62-B1D0-CDC3E9B1D61F}.Release|Any CPU.ActiveCfg = Release|Any CPU
		{D89BA890-0477-4D62-B1D0-CDC3E9B1D61F}.Release|Any CPU.Build.0 = Release|Any CPU
	EndGlobalSection
	GlobalSection(SolutionProperties) = preSolution
		HideSolutionNode = FALSE
	EndGlobalSection
EndGlobal
